
Microsoft Visual Studio Solution File, Format Version 12.00
# Visual Studio 15
VisualStudioVersion = 15.0.26124.0
MinimumVisualStudioVersion = 15.0.26124.0
Project("{2150E333-8FDC-42A3-9474-1A3956D46DE8}") = "src", "src", "{F88DCAC8-7FD7-43D5-A6FC-48404E81D980}"
EndProject
Project("{FAE04EC0-301F-11D3-BF4B-00C04F79EFBC}") = "Moq.Inject", "src\Moq.Inject\Moq.Inject.csproj", "{22C2A905-8BE9-463D-A58F-8412704328A5}"
EndProject
Project("{2150E333-8FDC-42A3-9474-1A3956D46DE8}") = "tests", "tests", "{B8A1B4C3-B448-4939-8289-CFD7A1A1A0D1}"
EndProject
Project("{FAE04EC0-301F-11D3-BF4B-00C04F79EFBC}") = "Moq.Inject.Tests", "tests\Moq.Inject.Tests\Moq.Inject.Tests.csproj", "{E4A6A84B-0427-41BC-AD5F-B74E46313D8C}"
EndProject
Global
	GlobalSection(SolutionConfigurationPlatforms) = preSolution
		Debug|Any CPU = Debug|Any CPU
		Debug|x64 = Debug|x64
		Debug|x86 = Debug|x86
		Release|Any CPU = Release|Any CPU
		Release|x64 = Release|x64
		Release|x86 = Release|x86
	EndGlobalSection
	GlobalSection(SolutionProperties) = preSolution
		HideSolutionNode = FALSE
	EndGlobalSection
	GlobalSection(ProjectConfigurationPlatforms) = postSolution
		{22C2A905-8BE9-463D-A58F-8412704328A5}.Debug|Any CPU.ActiveCfg = Debug|Any CPU
		{22C2A905-8BE9-463D-A58F-8412704328A5}.Debug|Any CPU.Build.0 = Debug|Any CPU
		{22C2A905-8BE9-463D-A58F-8412704328A5}.Debug|x64.ActiveCfg = Debug|Any CPU
		{22C2A905-8BE9-463D-A58F-8412704328A5}.Debug|x64.Build.0 = Debug|Any CPU
		{22C2A905-8BE9-463D-A58F-8412704328A5}.Debug|x86.ActiveCfg = Debug|Any CPU
		{22C2A905-8BE9-463D-A58F-8412704328A5}.Debug|x86.Build.0 = Debug|Any CPU
		{22C2A905-8BE9-463D-A58F-8412704328A5}.Release|Any CPU.ActiveCfg = Release|Any CPU
		{22C2A905-8BE9-463D-A58F-8412704328A5}.Release|Any CPU.Build.0 = Release|Any CPU
		{22C2A905-8BE9-463D-A58F-8412704328A5}.Release|x64.ActiveCfg = Release|Any CPU
		{22C2A905-8BE9-463D-A58F-8412704328A5}.Release|x64.Build.0 = Release|Any CPU
		{22C2A905-8BE9-463D-A58F-8412704328A5}.Release|x86.ActiveCfg = Release|Any CPU
		{22C2A905-8BE9-463D-A58F-8412704328A5}.Release|x86.Build.0 = Release|Any CPU
		{E4A6A84B-0427-41BC-AD5F-B74E46313D8C}.Debug|Any CPU.ActiveCfg = Debug|Any CPU
		{E4A6A84B-0427-41BC-AD5F-B74E46313D8C}.Debug|Any CPU.Build.0 = Debug|Any CPU
		{E4A6A84B-0427-41BC-AD5F-B74E46313D8C}.Debug|x64.ActiveCfg = Debug|Any CPU
		{E4A6A84B-0427-41BC-AD5F-B74E46313D8C}.Debug|x64.Build.0 = Debug|Any CPU
		{E4A6A84B-0427-41BC-AD5F-B74E46313D8C}.Debug|x86.ActiveCfg = Debug|Any CPU
		{E4A6A84B-0427-41BC-AD5F-B74E46313D8C}.Debug|x86.Build.0 = Debug|Any CPU
		{E4A6A84B-0427-41BC-AD5F-B74E46313D8C}.Release|Any CPU.ActiveCfg = Release|Any CPU
		{E4A6A84B-0427-41BC-AD5F-B74E46313D8C}.Release|Any CPU.Build.0 = Release|Any CPU
		{E4A6A84B-0427-41BC-AD5F-B74E46313D8C}.Release|x64.ActiveCfg = Release|Any CPU
		{E4A6A84B-0427-41BC-AD5F-B74E46313D8C}.Release|x64.Build.0 = Release|Any CPU
		{E4A6A84B-0427-41BC-AD5F-B74E46313D8C}.Release|x86.ActiveCfg = Release|Any CPU
		{E4A6A84B-0427-41BC-AD5F-B74E46313D8C}.Release|x86.Build.0 = Release|Any CPU
	EndGlobalSection
	GlobalSection(NestedProjects) = preSolution
		{22C2A905-8BE9-463D-A58F-8412704328A5} = {F88DCAC8-7FD7-43D5-A6FC-48404E81D980}
		{E4A6A84B-0427-41BC-AD5F-B74E46313D8C} = {B8A1B4C3-B448-4939-8289-CFD7A1A1A0D1}
	EndGlobalSection
EndGlobal
